// !$*UTF8*$!
{
	archiveVersion = 1;
	classes = {
	};
	objectVersion = 46;
	objects = {

/* Begin PBXBuildFile section */
		F57FE34E1B83CB3600DEE0B9 /* main.cpp in Sources */ = {isa = PBXBuildFile; fileRef = F57FE34D1B83CB3600DEE0B9 /* main.cpp */; };
/* End PBXBuildFile section */

/* Begin PBXCopyFilesBuildPhase section */
		F57FE3481B83CB3600DEE0B9 /* CopyFiles */ = {
			isa = PBXCopyFilesBuildPhase;
			buildActionMask = 2147483647;
			dstPath = /usr/share/man/man1/;
			dstSubfolderSpec = 0;
			files = (
			);
			runOnlyForDeploymentPostprocessing = 1;
		};
/* End PBXCopyFilesBuildPhase section */

/* Begin PBXFileReference section */
		F57FE34A1B83CB3600DEE0B9 /* orbital_space_v4 */ = {isa = PBXFileReference; explicitFileType = "compiled.mach-o.executable"; includeInIndex = 0; path = orbital_space_v4; sourceTree = BUILT_PRODUCTS_DIR; };
		F57FE34D1B83CB3600DEE0B9 /* main.cpp */ = {isa = PBXFileReference; lastKnownFileType = sourcecode.cpp.cpp; path = main.cpp; sourceTree = "<group>"; };
		F5A187A01B8DAB2A000D8951 /* null_space.h */ = {isa = PBXFileReference; lastKnownFileType = sourcecode.c.h; path = null_space.h; sourceTree = "<group>"; };
		F5E298651BB095D40004A14B /* vib_cluster.h */ = {isa = PBXFileReference; lastKnownFileType = sourcecode.c.h; path = vib_cluster.h; sourceTree = "<group>"; };
		F5E298661BB09B430004A14B /* clusters.h */ = {isa = PBXFileReference; lastKnownFileType = sourcecode.c.h; path = clusters.h; sourceTree = "<group>"; };
		F5E298671BB09BB70004A14B /* util.h */ = {isa = PBXFileReference; lastKnownFileType = sourcecode.c.h; path = util.h; sourceTree = "<group>"; };
/* End PBXFileReference section */

/* Begin PBXFrameworksBuildPhase section */
		F57FE3471B83CB3600DEE0B9 /* Frameworks */ = {
			isa = PBXFrameworksBuildPhase;
			buildActionMask = 2147483647;
			files = (
			);
			runOnlyForDeploymentPostprocessing = 0;
		};
/* End PBXFrameworksBuildPhase section */

/* Begin PBXGroup section */
		F57FE3411B83CB3600DEE0B9 = {
			isa = PBXGroup;
			children = (
				F57FE34C1B83CB3600DEE0B9 /* orbital_space_v4 */,
				F57FE34B1B83CB3600DEE0B9 /* Products */,
			);
			sourceTree = "<group>";
		};
		F57FE34B1B83CB3600DEE0B9 /* Products */ = {
			isa = PBXGroup;
			children = (
				F57FE34A1B83CB3600DEE0B9 /* orbital_space_v4 */,
			);
			name = Products;
			sourceTree = "<group>";
		};
		F57FE34C1B83CB3600DEE0B9 /* orbital_space_v4 */ = {
			isa = PBXGroup;
			children = (
				F57FE34D1B83CB3600DEE0B9 /* main.cpp */,
				F5A187A01B8DAB2A000D8951 /* null_space.h */,
				F5E298651BB095D40004A14B /* vib_cluster.h */,
				F5E298661BB09B430004A14B /* clusters.h */,
				F5E298671BB09BB70004A14B /* util.h */,
			);
			path = orbital_space_v4;
			sourceTree = "<group>";
		};
/* End PBXGroup section */

/* Begin PBXNativeTarget section */
		F57FE3491B83CB3600DEE0B9 /* orbital_space_v4 */ = {
			isa = PBXNativeTarget;
			buildConfigurationList = F57FE3511B83CB3600DEE0B9 /* Build configuration list for PBXNativeTarget "orbital_space_v4" */;
			buildPhases = (
				F57FE3461B83CB3600DEE0B9 /* Sources */,
				F57FE3471B83CB3600DEE0B9 /* Frameworks */,
				F57FE3481B83CB3600DEE0B9 /* CopyFiles */,
			);
			buildRules = (
			);
			dependencies = (
			);
			name = orbital_space_v4;
			productName = orbital_space_v4;
			productReference = F57FE34A1B83CB3600DEE0B9 /* orbital_space_v4 */;
			productType = "com.apple.product-type.tool";
		};
/* End PBXNativeTarget section */

/* Begin PBXProject section */
		F57FE3421B83CB3600DEE0B9 /* Project object */ = {
			isa = PBXProject;
			attributes = {
				LastUpgradeCheck = 0610;
				ORGANIZATIONNAME = kuoyusheng;
				TargetAttributes = {
					F57FE3491B83CB3600DEE0B9 = {
						CreatedOnToolsVersion = 6.1.1;
					};
				};
			};
			buildConfigurationList = F57FE3451B83CB3600DEE0B9 /* Build configuration list for PBXProject "orbital_space_v4" */;
			compatibilityVersion = "Xcode 3.2";
			developmentRegion = English;
			hasScannedForEncodings = 0;
			knownRegions = (
				en,
			);
			mainGroup = F57FE3411B83CB3600DEE0B9;
			productRefGroup = F57FE34B1B83CB3600DEE0B9 /* Products */;
			projectDirPath = "";
			projectRoot = "";
			targets = (
				F57FE3491B83CB3600DEE0B9 /* orbital_space_v4 */,
			);
		};
/* End PBXProject section */

/* Begin PBXSourcesBuildPhase section */
		F57FE3461B83CB3600DEE0B9 /* Sources */ = {
			isa = PBXSourcesBuildPhase;
			buildActionMask = 2147483647;
			files = (
				F57FE34E1B83CB3600DEE0B9 /* main.cpp in Sources */,
			);
			runOnlyForDeploymentPostprocessing = 0;
		};
/* End PBXSourcesBuildPhase section */

/* Begin XCBuildConfiguration section */
		F57FE34F1B83CB3600DEE0B9 /* Debug */ = {
			isa = XCBuildConfiguration;
			buildSettings = {
				ALWAYS_SEARCH_USER_PATHS = NO;
				CLANG_CXX_LANGUAGE_STANDARD = "gnu++0x";
				CLANG_CXX_LIBRARY = "libc++";
				CLANG_ENABLE_MODULES = YES;
				CLANG_ENABLE_OBJC_ARC = YES;
				CLANG_WARN_BOOL_CONVERSION = YES;
				CLANG_WARN_CONSTANT_CONVERSION = YES;
				CLANG_WARN_DIRECT_OBJC_ISA_USAGE = YES_ERROR;
				CLANG_WARN_EMPTY_BODY = YES;
				CLANG_WARN_ENUM_CONVERSION = YES;
				CLANG_WARN_INT_CONVERSION = YES;
				CLANG_WARN_OBJC_ROOT_CLASS = YES_ERROR;
				CLANG_WARN_UNREACHABLE_CODE = YES;
				CLANG_WARN__DUPLICATE_METHOD_MATCH = YES;
				COPY_PHASE_STRIP = NO;
				ENABLE_STRICT_OBJC_MSGSEND = YES;
				GCC_C_LANGUAGE_STANDARD = gnu99;
				GCC_DYNAMIC_NO_PIC = NO;
				GCC_OPTIMIZATION_LEVEL = 0;
				GCC_PREPROCESSOR_DEFINITIONS = (
					"DEBUG=1",
					"$(inherited)",
				);
				GCC_SYMBOLS_PRIVATE_EXTERN = NO;
				GCC_WARN_64_TO_32_BIT_CONVERSION = YES;
				GCC_WARN_ABOUT_RETURN_TYPE = YES_ERROR;
				GCC_WARN_UNDECLARED_SELECTOR = YES;
				GCC_WARN_UNINITIALIZED_AUTOS = YES_AGGRESSIVE;
				GCC_WARN_UNUSED_FUNCTION = YES;
				GCC_WARN_UNUSED_VARIABLE = YES;
				MACOSX_DEPLOYMENT_TARGET = 10.10;
				MTL_ENABLE_DEBUG_INFO = YES;
				ONLY_ACTIVE_ARCH = YES;
				SDKROOT = macosx;
			};
			name = Debug;
		};
		F57FE3501B83CB3600DEE0B9 /* Release */ = {
			isa = XCBuildConfiguration;
			buildSettings = {
				ALWAYS_SEARCH_USER_PATHS = NO;
				CLANG_CXX_LANGUAGE_STANDARD = "gnu++0x";
				CLANG_CXX_LIBRARY = "libc++";
				CLANG_ENABLE_MODULES = YES;
				CLANG_ENABLE_OBJC_ARC = YES;
				CLANG_WARN_BOOL_CONVERSION = YES;
				CLANG_WARN_CONSTANT_CONVERSION = YES;
				CLANG_WARN_DIRECT_OBJC_ISA_USAGE = YES_ERROR;
				CLANG_WARN_EMPTY_BODY = YES;
				CLANG_WARN_ENUM_CONVERSION = YES;
				CLANG_WARN_INT_CONVERSION = YES;
				CLANG_WARN_OBJC_ROOT_CLASS = YES_ERROR;
				CLANG_WARN_UNREACHABLE_CODE = YES;
				CLANG_WARN__DUPLICATE_METHOD_MATCH = YES;
				COPY_PHASE_STRIP = YES;
				DEBUG_INFORMATION_FORMAT = "dwarf-with-dsym";
				ENABLE_NS_ASSERTIONS = NO;
				ENABLE_STRICT_OBJC_MSGSEND = YES;
				GCC_C_LANGUAGE_STANDARD = gnu99;
				GCC_WARN_64_TO_32_BIT_CONVERSION = YES;
				GCC_WARN_ABOUT_RETURN_TYPE = YES_ERROR;
				GCC_WARN_UNDECLARED_SELECTOR = YES;
				GCC_WARN_UNINITIALIZED_AUTOS = YES_AGGRESSIVE;
				GCC_WARN_UNUSED_FUNCTION = YES;
				GCC_WARN_UNUSED_VARIABLE = YES;
				MACOSX_DEPLOYMENT_TARGET = 10.10;
				MTL_ENABLE_DEBUG_INFO = NO;
				SDKROOT = macosx;
			};
			name = Release;
		};
		F57FE3521B83CB3600DEE0B9 /* Debug */ = {
			isa = XCBuildConfiguration;
			buildSettings = {
				ALWAYS_SEARCH_USER_PATHS = NO;
				PRODUCT_NAME = "$(TARGET_NAME)";
			};
			name = Debug;
		};
		F57FE3531B83CB3600DEE0B9 /* Release */ = {
			isa = XCBuildConfiguration;
			buildSettings = {
				ALWAYS_SEARCH_USER_PATHS = NO;
				PRODUCT_NAME = "$(TARGET_NAME)";
			};
			name = Release;
		};
/* End XCBuildConfiguration section */

/* Begin XCConfigurationList section */
		F57FE3451B83CB3600DEE0B9 /* Build configuration list for PBXProject "orbital_space_v4" */ = {
			isa = XCConfigurationList;
			buildConfigurations = (
				F57FE34F1B83CB3600DEE0B9 /* Debug */,
				F57FE3501B83CB3600DEE0B9 /* Release */,
			);
			defaultConfigurationIsVisible = 0;
			defaultConfigurationName = Release;
		};
		F57FE3511B83CB3600DEE0B9 /* Build configuration list for PBXNativeTarget "orbital_space_v4" */ = {
			isa = XCConfigurationList;
			buildConfigurations = (
				F57FE3521B83CB3600DEE0B9 /* Debug */,
				F57FE3531B83CB3600DEE0B9 /* Release */,
			);
			defaultConfigurationIsVisible = 0;
			defaultConfigurationName = Release;
		};
/* End XCConfigurationList section */
	};
	rootObject = F57FE3421B83CB3600DEE0B9 /* Project object */;
}
